
Microsoft Visual Studio Solution File, Format Version 12.00
# Visual Studio 2013
VisualStudioVersion = 12.0.30110.0
MinimumVisualStudioVersion = 10.0.40219.1
Project("{FAE04EC0-301F-11D3-BF4B-00C04F79EFBC}") = "DojoDevRioClaro.Test", "DojoDevRioClaro_1\DojoDevRioClaro.Test.csproj", "{BE0DEF5C-8241-482B-98CA-254990E01693}"
EndProject
Project("{FAE04EC0-301F-11D3-BF4B-00C04F79EFBC}") = "DojoDevRioClaro.Console", "DojoDevRioClaro.Console\DojoDevRioClaro.Console.csproj", "{2E7D4B33-5239-4A32-81E7-501DCFCDB895}"
EndProject
Project("{FAE04EC0-301F-11D3-BF4B-00C04F79EFBC}") = "DojoDevRioClaro.Lib", "DojoDevRioClaro.Lib\DojoDevRioClaro.Lib.csproj", "{88B90009-C9F5-47D4-A6EA-7F0EFB698314}"
EndProject
Global
	GlobalSection(SolutionConfigurationPlatforms) = preSolution
		Debug|Any CPU = Debug|Any CPU
		Release|Any CPU = Release|Any CPU
	EndGlobalSection
	GlobalSection(ProjectConfigurationPlatforms) = postSolution
		{BE0DEF5C-8241-482B-98CA-254990E01693}.Debug|Any CPU.ActiveCfg = Debug|Any CPU
		{BE0DEF5C-8241-482B-98CA-254990E01693}.Debug|Any CPU.Build.0 = Debug|Any CPU
		{BE0DEF5C-8241-482B-98CA-254990E01693}.Release|Any CPU.ActiveCfg = Release|Any CPU
		{BE0DEF5C-8241-482B-98CA-254990E01693}.Release|Any CPU.Build.0 = Release|Any CPU
		{2E7D4B33-5239-4A32-81E7-501DCFCDB895}.Debug|Any CPU.ActiveCfg = Debug|Any CPU
		{2E7D4B33-5239-4A32-81E7-501DCFCDB895}.Debug|Any CPU.Build.0 = Debug|Any CPU
		{2E7D4B33-5239-4A32-81E7-501DCFCDB895}.Release|Any CPU.ActiveCfg = Release|Any CPU
		{2E7D4B33-5239-4A32-81E7-501DCFCDB895}.Release|Any CPU.Build.0 = Release|Any CPU
		{88B90009-C9F5-47D4-A6EA-7F0EFB698314}.Debug|Any CPU.ActiveCfg = Debug|Any CPU
		{88B90009-C9F5-47D4-A6EA-7F0EFB698314}.Debug|Any CPU.Build.0 = Debug|Any CPU
		{88B90009-C9F5-47D4-A6EA-7F0EFB698314}.Release|Any CPU.ActiveCfg = Release|Any CPU
		{88B90009-C9F5-47D4-A6EA-7F0EFB698314}.Release|Any CPU.Build.0 = Release|Any CPU
	EndGlobalSection
	GlobalSection(SolutionProperties) = preSolution
		HideSolutionNode = FALSE
	EndGlobalSection
EndGlobal
